
Microsoft Visual Studio Solution File, Format Version 12.00
# Visual Studio 15
VisualStudioVersion = 15.0.28307.1401
MinimumVisualStudioVersion = 10.0.40219.1
Project("{FAE04EC0-301F-11D3-BF4B-00C04F79EFBC}") = "lab5", "lab5\lab5.csproj", "{7469073B-B07A-4CD6-AA6E-6711BFFAA97D}"
EndProject
Project("{FAE04EC0-301F-11D3-BF4B-00C04F79EFBC}") = "lab5.Domain", "ClassLibrary1\lab5.Domain.csproj", "{B7DB50C5-E49A-4744-8DCA-41D10896EFCA}"
EndProject
Project("{FAE04EC0-301F-11D3-BF4B-00C04F79EFBC}") = "Serializer", "Serializer\Serializer.csproj", "{D7A99478-F57D-4157-ADF6-28819CA6BCCF}"
EndProject
Global
	GlobalSection(SolutionConfigurationPlatforms) = preSolution
		Debug|Any CPU = Debug|Any CPU
		Release|Any CPU = Release|Any CPU
	EndGlobalSection
	GlobalSection(ProjectConfigurationPlatforms) = postSolution
		{7469073B-B07A-4CD6-AA6E-6711BFFAA97D}.Debug|Any CPU.ActiveCfg = Debug|Any CPU
		{7469073B-B07A-4CD6-AA6E-6711BFFAA97D}.Debug|Any CPU.Build.0 = Debug|Any CPU
		{7469073B-B07A-4CD6-AA6E-6711BFFAA97D}.Release|Any CPU.ActiveCfg = Release|Any CPU
		{7469073B-B07A-4CD6-AA6E-6711BFFAA97D}.Release|Any CPU.Build.0 = Release|Any CPU
		{B7DB50C5-E49A-4744-8DCA-41D10896EFCA}.Debug|Any CPU.ActiveCfg = Debug|Any CPU
		{B7DB50C5-E49A-4744-8DCA-41D10896EFCA}.Debug|Any CPU.Build.0 = Debug|Any CPU
		{B7DB50C5-E49A-4744-8DCA-41D10896EFCA}.Release|Any CPU.ActiveCfg = Release|Any CPU
		{B7DB50C5-E49A-4744-8DCA-41D10896EFCA}.Release|Any CPU.Build.0 = Release|Any CPU
		{D7A99478-F57D-4157-ADF6-28819CA6BCCF}.Debug|Any CPU.ActiveCfg = Debug|Any CPU
		{D7A99478-F57D-4157-ADF6-28819CA6BCCF}.Debug|Any CPU.Build.0 = Debug|Any CPU
		{D7A99478-F57D-4157-ADF6-28819CA6BCCF}.Release|Any CPU.ActiveCfg = Release|Any CPU
		{D7A99478-F57D-4157-ADF6-28819CA6BCCF}.Release|Any CPU.Build.0 = Release|Any CPU
	EndGlobalSection
	GlobalSection(SolutionProperties) = preSolution
		HideSolutionNode = FALSE
	EndGlobalSection
	GlobalSection(ExtensibilityGlobals) = postSolution
		SolutionGuid = {21C7C3AD-DD3A-427B-A25C-22E0F146F738}
	EndGlobalSection
EndGlobal
